
Microsoft Visual Studio Solution File, Format Version 12.00
# Visual Studio Version 17
VisualStudioVersion = 17.12.35209.166
MinimumVisualStudioVersion = 10.0.40219.1
Project("{FAE04EC0-301F-11D3-BF4B-00C04F79EFBC}") = "NeetCodeBlind75", "NeetCodeBlind75.csproj", "{8D705E12-4984-46CD-8255-B1B542D29C4A}"
EndProject
Global
	GlobalSection(SolutionConfigurationPlatforms) = preSolution
		Debug|Any CPU = Debug|Any CPU
		Release|Any CPU = Release|Any CPU
	EndGlobalSection
	GlobalSection(ProjectConfigurationPlatforms) = postSolution
		{8D705E12-4984-46CD-8255-B1B542D29C4A}.Debug|Any CPU.ActiveCfg = Debug|Any CPU
		{8D705E12-4984-46CD-8255-B1B542D29C4A}.Debug|Any CPU.Build.0 = Debug|Any CPU
		{8D705E12-4984-46CD-8255-B1B542D29C4A}.Release|Any CPU.ActiveCfg = Release|Any CPU
		{8D705E12-4984-46CD-8255-B1B542D29C4A}.Release|Any CPU.Build.0 = Release|Any CPU
	EndGlobalSection
	GlobalSection(SolutionProperties) = preSolution
		HideSolutionNode = FALSE
	EndGlobalSection
	GlobalSection(ExtensibilityGlobals) = postSolution
		SolutionGuid = {78217F76-DBE0-4545-BF3E-637B6950FB6B}
	EndGlobalSection
EndGlobal
